
Microsoft Visual Studio Solution File, Format Version 12.00
# Visual Studio 15
VisualStudioVersion = 15.0.27428.2015
MinimumVisualStudioVersion = 10.0.40219.1
Project("{FAE04EC0-301F-11D3-BF4B-00C04F79EFBC}") = "FakturaWpf", "FakturaWpf.csproj", "{3E35A282-0CCA-4468-B2A8-C56A1D7030B1}"
EndProject
Global
	GlobalSection(SolutionConfigurationPlatforms) = preSolution
		Debug|Any CPU = Debug|Any CPU
		Release|Any CPU = Release|Any CPU
	EndGlobalSection
	GlobalSection(ProjectConfigurationPlatforms) = postSolution
		{3E35A282-0CCA-4468-B2A8-C56A1D7030B1}.Debug|Any CPU.ActiveCfg = Debug|Any CPU
		{3E35A282-0CCA-4468-B2A8-C56A1D7030B1}.Debug|Any CPU.Build.0 = Debug|Any CPU
		{3E35A282-0CCA-4468-B2A8-C56A1D7030B1}.Release|Any CPU.ActiveCfg = Release|Any CPU
		{3E35A282-0CCA-4468-B2A8-C56A1D7030B1}.Release|Any CPU.Build.0 = Release|Any CPU
	EndGlobalSection
	GlobalSection(SolutionProperties) = preSolution
		HideSolutionNode = FALSE
	EndGlobalSection
	GlobalSection(ExtensibilityGlobals) = postSolution
		SolutionGuid = {12076A4D-5B3D-4745-93F9-12931CAE7DFA}
	EndGlobalSection
EndGlobal
